{
  "pins" : [
    {
      "identity" : "exportkit",
      "kind" : "remoteSourceControl",
      "location" : "https://github.com/CodyBontecou/ExportKit",
      "state" : {
        "branch" : "main",
        "revision" : "17993dc0361c41145dc6429738ed369d9976e550"
      }
    },
    {
      "identity" : "fluidaudio",
      "kind" : "remoteSourceControl",
      "location" : "https://github.com/FluidInference/FluidAudio.git",
      "state" : {
        "revision" : "d9eef864d29783fc22754b12090631da5388c3a9",
        "version" : "0.13.4"
      }
    }
  ],
  "version" : 2
}
