// !$*UTF8*$!
{
	archiveVersion = 1;
	classes = {
	};
	objectVersion = 77;
	objects = {

/* Begin PBXBuildFile section */
		622B4C802F78B09600FDC4CA /* WidgetKit.framework in Frameworks */ = {isa = PBXBuildFile; fileRef = 622B4C7F2F78B09600FDC4CA /* WidgetKit.framework */; };
		622B4C822F78B09600FDC4CA /* SwiftUI.framework in Frameworks */ = {isa = PBXBuildFile; fileRef = 622B4C812F78B09600FDC4CA /* SwiftUI.framework */; };
		622B4C8D2F78B09700FDC4CA /* Voxboard WidgetExtension.appex in Embed Foundation Extensions */ = {isa = PBXBuildFile; fileRef = 622B4C7D2F78B09600FDC4CA /* Voxboard WidgetExtension.appex */; settings = {ATTRIBUTES = (RemoveHeadersOnCopy, ); }; };
		62C952292F393361001F79DF /* Voxboard Keyboard.appex in Embed Foundation Extensions */ = {isa = PBXBuildFile; fileRef = 62C952222F393361001F79DF /* Voxboard Keyboard.appex */; settings = {ATTRIBUTES = (RemoveHeadersOnCopy, ); }; };
		62C952852F393BB1001F79DF /* KeyboardKit in Frameworks */ = {isa = PBXBuildFile; productRef = 62C952842F393BB1001F79DF /* KeyboardKit */; };
		AA0000042F394000AABBCC04 /* VoxboardShared in Frameworks */ = {isa = PBXBuildFile; productRef = AA0000022F394000AABBCC02 /* VoxboardShared */; };
		AA0000052F394000AABBCC05 /* VoxboardShared in Frameworks */ = {isa = PBXBuildFile; productRef = AA0000032F394000AABBCC03 /* VoxboardShared */; };
/* End PBXBuildFile section */

/* Begin PBXContainerItemProxy section */
		622B4C8B2F78B09700FDC4CA /* PBXContainerItemProxy */ = {
			isa = PBXContainerItemProxy;
			containerPortal = 62C951722F392ADB001F79DF /* Project object */;
			proxyType = 1;
			remoteGlobalIDString = 622B4C7C2F78B09600FDC4CA;
			remoteInfo = "Voxboard WidgetExtension";
		};
		62C952272F393361001F79DF /* PBXContainerItemProxy */ = {
			isa = PBXContainerItemProxy;
			containerPortal = 62C951722F392ADB001F79DF /* Project object */;
			proxyType = 1;
			remoteGlobalIDString = 62C952212F393361001F79DF;
			remoteInfo = "Voxboard Keyboard";
		};
/* End PBXContainerItemProxy section */

/* Begin PBXCopyFilesBuildPhase section */
		62C9522E2F393361001F79DF /* Embed Foundation Extensions */ = {
			isa = PBXCopyFilesBuildPhase;
			buildActionMask = 2147483647;
			dstPath = "";
			dstSubfolderSpec = 13;
			files = (
				622B4C8D2F78B09700FDC4CA /* Voxboard WidgetExtension.appex in Embed Foundation Extensions */,
				62C952292F393361001F79DF /* Voxboard Keyboard.appex in Embed Foundation Extensions */,
			);
			name = "Embed Foundation Extensions";
			runOnlyForDeploymentPostprocessing = 0;
		};
/* End PBXCopyFilesBuildPhase section */

/* Begin PBXFileReference section */
		622B4C7D2F78B09600FDC4CA /* Voxboard WidgetExtension.appex */ = {isa = PBXFileReference; explicitFileType = "wrapper.app-extension"; includeInIndex = 0; path = "Voxboard WidgetExtension.appex"; sourceTree = BUILT_PRODUCTS_DIR; };
		622B4C7F2F78B09600FDC4CA /* WidgetKit.framework */ = {isa = PBXFileReference; lastKnownFileType = wrapper.framework; name = WidgetKit.framework; path = System/Library/Frameworks/WidgetKit.framework; sourceTree = SDKROOT; };
		622B4C812F78B09600FDC4CA /* SwiftUI.framework */ = {isa = PBXFileReference; lastKnownFileType = wrapper.framework; name = SwiftUI.framework; path = System/Library/Frameworks/SwiftUI.framework; sourceTree = SDKROOT; };
		622B4C992F78B10C00FDC4CA /* Voxboard WidgetExtension.entitlements */ = {isa = PBXFileReference; lastKnownFileType = text.plist.entitlements; path = "Voxboard WidgetExtension.entitlements"; sourceTree = "<group>"; };
		62C9517A2F392ADB001F79DF /* Voxboard.app */ = {isa = PBXFileReference; explicitFileType = wrapper.application; includeInIndex = 0; path = Voxboard.app; sourceTree = BUILT_PRODUCTS_DIR; };
		62C952222F393361001F79DF /* Voxboard Keyboard.appex */ = {isa = PBXFileReference; explicitFileType = "wrapper.app-extension"; includeInIndex = 0; path = "Voxboard Keyboard.appex"; sourceTree = BUILT_PRODUCTS_DIR; };
/* End PBXFileReference section */

/* Begin PBXFileSystemSynchronizedBuildFileExceptionSet section */
		622B4C912F78B09700FDC4CA /* Exceptions for "Voxboard Widget" folder in "Voxboard WidgetExtension" target */ = {
			isa = PBXFileSystemSynchronizedBuildFileExceptionSet;
			membershipExceptions = (
				Info.plist,
			);
			target = 622B4C7C2F78B09600FDC4CA /* Voxboard WidgetExtension */;
		};
		622B4C9F2F78B61A00FDC4CA /* Exceptions for "Voxboard" folder in "Voxboard WidgetExtension" target */ = {
			isa = PBXFileSystemSynchronizedBuildFileExceptionSet;
			membershipExceptions = (
				OpenVoxboardRecordIntent.swift,
			);
			target = 622B4C7C2F78B09600FDC4CA /* Voxboard WidgetExtension */;
		};
		AA1000012F3A0000AABB0001 /* Exceptions for "Voxboard" folder in "Voxboard" target */ = {
			isa = PBXFileSystemSynchronizedBuildFileExceptionSet;
			membershipExceptions = (
				Info.plist,
			);
			target = 62C951792F392ADB001F79DF /* Voxboard */;
		};
		AA1000022F3A0000AABB0002 /* Exceptions for "Voxboard Keyboard" folder in "Voxboard Keyboard" target */ = {
			isa = PBXFileSystemSynchronizedBuildFileExceptionSet;
			membershipExceptions = (
				Info.plist,
			);
			target = 62C952212F393361001F79DF /* Voxboard Keyboard */;
		};
/* End PBXFileSystemSynchronizedBuildFileExceptionSet section */

/* Begin PBXFileSystemSynchronizedRootGroup section */
		622B4C832F78B09600FDC4CA /* Voxboard Widget */ = {
			isa = PBXFileSystemSynchronizedRootGroup;
			exceptions = (
				622B4C912F78B09700FDC4CA /* Exceptions for "Voxboard Widget" folder in "Voxboard WidgetExtension" target */,
			);
			path = "Voxboard Widget";
			sourceTree = "<group>";
		};
		62C9517C2F392ADB001F79DF /* Voxboard */ = {
			isa = PBXFileSystemSynchronizedRootGroup;
			exceptions = (
				AA1000012F3A0000AABB0001 /* Exceptions for "Voxboard" folder in "Voxboard" target */,
				622B4C9F2F78B61A00FDC4CA /* Exceptions for "Voxboard" folder in "Voxboard WidgetExtension" target */,
			);
			path = Voxboard;
			sourceTree = "<group>";
		};
		62C952232F393361001F79DF /* Voxboard Keyboard */ = {
			isa = PBXFileSystemSynchronizedRootGroup;
			exceptions = (
				AA1000022F3A0000AABB0002 /* Exceptions for "Voxboard Keyboard" folder in "Voxboard Keyboard" target */,
			);
			path = "Voxboard Keyboard";
			sourceTree = "<group>";
		};
/* End PBXFileSystemSynchronizedRootGroup section */

/* Begin PBXFrameworksBuildPhase section */
		622B4C7A2F78B09600FDC4CA /* Frameworks */ = {
			isa = PBXFrameworksBuildPhase;
			buildActionMask = 2147483647;
			files = (
				622B4C822F78B09600FDC4CA /* SwiftUI.framework in Frameworks */,
				622B4C802F78B09600FDC4CA /* WidgetKit.framework in Frameworks */,
			);
			runOnlyForDeploymentPostprocessing = 0;
		};
		62C951772F392ADB001F79DF /* Frameworks */ = {
			isa = PBXFrameworksBuildPhase;
			buildActionMask = 2147483647;
			files = (
				62C952852F393BB1001F79DF /* KeyboardKit in Frameworks */,
				AA0000042F394000AABBCC04 /* VoxboardShared in Frameworks */,
			);
			runOnlyForDeploymentPostprocessing = 0;
		};
		62C9521F2F393361001F79DF /* Frameworks */ = {
			isa = PBXFrameworksBuildPhase;
			buildActionMask = 2147483647;
			files = (
				AA0000052F394000AABBCC05 /* VoxboardShared in Frameworks */,
			);
			runOnlyForDeploymentPostprocessing = 0;
		};
/* End PBXFrameworksBuildPhase section */

/* Begin PBXGroup section */
		622B4C7E2F78B09600FDC4CA /* Frameworks */ = {
			isa = PBXGroup;
			children = (
				622B4C7F2F78B09600FDC4CA /* WidgetKit.framework */,
				622B4C812F78B09600FDC4CA /* SwiftUI.framework */,
			);
			name = Frameworks;
			sourceTree = "<group>";
		};
		62C951712F392ADB001F79DF = {
			isa = PBXGroup;
			children = (
				622B4C992F78B10C00FDC4CA /* Voxboard WidgetExtension.entitlements */,
				62C9517C2F392ADB001F79DF /* Voxboard */,
				62C952232F393361001F79DF /* Voxboard Keyboard */,
				622B4C832F78B09600FDC4CA /* Voxboard Widget */,
				622B4C7E2F78B09600FDC4CA /* Frameworks */,
				62C9517B2F392ADB001F79DF /* Products */,
			);
			sourceTree = "<group>";
		};
		62C9517B2F392ADB001F79DF /* Products */ = {
			isa = PBXGroup;
			children = (
				62C9517A2F392ADB001F79DF /* Voxboard.app */,
				62C952222F393361001F79DF /* Voxboard Keyboard.appex */,
				622B4C7D2F78B09600FDC4CA /* Voxboard WidgetExtension.appex */,
			);
			name = Products;
			sourceTree = "<group>";
		};
/* End PBXGroup section */

/* Begin PBXNativeTarget section */
		622B4C7C2F78B09600FDC4CA /* Voxboard WidgetExtension */ = {
			isa = PBXNativeTarget;
			buildConfigurationList = 622B4C902F78B09700FDC4CA /* Build configuration list for PBXNativeTarget "Voxboard WidgetExtension" */;
			buildPhases = (
				622B4C792F78B09600FDC4CA /* Sources */,
				622B4C7A2F78B09600FDC4CA /* Frameworks */,
				622B4C7B2F78B09600FDC4CA /* Resources */,
			);
			buildRules = (
			);
			dependencies = (
			);
			fileSystemSynchronizedGroups = (
				622B4C832F78B09600FDC4CA /* Voxboard Widget */,
			);
			name = "Voxboard WidgetExtension";
			packageProductDependencies = (
			);
			productName = "Voxboard WidgetExtension";
			productReference = 622B4C7D2F78B09600FDC4CA /* Voxboard WidgetExtension.appex */;
			productType = "com.apple.product-type.app-extension";
		};
		62C951792F392ADB001F79DF /* Voxboard */ = {
			isa = PBXNativeTarget;
			buildConfigurationList = 62C951852F392ADC001F79DF /* Build configuration list for PBXNativeTarget "Voxboard" */;
			buildPhases = (
				62C951762F392ADB001F79DF /* Sources */,
				62C951772F392ADB001F79DF /* Frameworks */,
				62C951782F392ADB001F79DF /* Resources */,
				62C9522E2F393361001F79DF /* Embed Foundation Extensions */,
			);
			buildRules = (
			);
			dependencies = (
				62C952282F393361001F79DF /* PBXTargetDependency */,
				622B4C8C2F78B09700FDC4CA /* PBXTargetDependency */,
			);
			fileSystemSynchronizedGroups = (
				62C9517C2F392ADB001F79DF /* Voxboard */,
			);
			name = Voxboard;
			packageProductDependencies = (
				62C952842F393BB1001F79DF /* KeyboardKit */,
				AA0000022F394000AABBCC02 /* VoxboardShared */,
			);
			productName = Voxboard;
			productReference = 62C9517A2F392ADB001F79DF /* Voxboard.app */;
			productType = "com.apple.product-type.application";
		};
		62C952212F393361001F79DF /* Voxboard Keyboard */ = {
			isa = PBXNativeTarget;
			buildConfigurationList = 62C9522B2F393361001F79DF /* Build configuration list for PBXNativeTarget "Voxboard Keyboard" */;
			buildPhases = (
				62C9521E2F393361001F79DF /* Sources */,
				62C9521F2F393361001F79DF /* Frameworks */,
				62C952202F393361001F79DF /* Resources */,
			);
			buildRules = (
			);
			dependencies = (
			);
			fileSystemSynchronizedGroups = (
				62C952232F393361001F79DF /* Voxboard Keyboard */,
			);
			name = "Voxboard Keyboard";
			packageProductDependencies = (
				AA0000032F394000AABBCC03 /* VoxboardShared */,
			);
			productName = "Voxboard Keyboard";
			productReference = 62C952222F393361001F79DF /* Voxboard Keyboard.appex */;
			productType = "com.apple.product-type.app-extension";
		};
/* End PBXNativeTarget section */

/* Begin PBXProject section */
		62C951722F392ADB001F79DF /* Project object */ = {
			isa = PBXProject;
			attributes = {
				BuildIndependentTargetsInParallel = 1;
				LastSwiftUpdateCheck = 2630;
				LastUpgradeCheck = 2620;
				TargetAttributes = {
					622B4C7C2F78B09600FDC4CA = {
						CreatedOnToolsVersion = 26.3;
					};
					62C951792F392ADB001F79DF = {
						CreatedOnToolsVersion = 26.2;
					};
					62C952212F393361001F79DF = {
						CreatedOnToolsVersion = 26.2;
					};
				};
			};
			buildConfigurationList = 62C951752F392ADB001F79DF /* Build configuration list for PBXProject "Voxboard" */;
			developmentRegion = en;
			hasScannedForEncodings = 0;
			knownRegions = (
				en,
				ko,
				Base,
			);
			mainGroup = 62C951712F392ADB001F79DF;
			minimizedProjectReferenceProxies = 1;
			packageReferences = (
				62C952832F393BB1001F79DF /* XCRemoteSwiftPackageReference "KeyboardKit" */,
				AA0000012F394000AABBCC01 /* XCLocalSwiftPackageReference "Packages/VoxboardShared" */,
			);
			preferredProjectObjectVersion = 77;
			productRefGroup = 62C9517B2F392ADB001F79DF /* Products */;
			projectDirPath = "";
			projectRoot = "";
			targets = (
				62C951792F392ADB001F79DF /* Voxboard */,
				62C952212F393361001F79DF /* Voxboard Keyboard */,
				622B4C7C2F78B09600FDC4CA /* Voxboard WidgetExtension */,
			);
		};
/* End PBXProject section */

/* Begin PBXResourcesBuildPhase section */
		622B4C7B2F78B09600FDC4CA /* Resources */ = {
			isa = PBXResourcesBuildPhase;
			buildActionMask = 2147483647;
			files = (
			);
			runOnlyForDeploymentPostprocessing = 0;
		};
		62C951782F392ADB001F79DF /* Resources */ = {
			isa = PBXResourcesBuildPhase;
			buildActionMask = 2147483647;
			files = (
			);
			runOnlyForDeploymentPostprocessing = 0;
		};
		62C952202F393361001F79DF /* Resources */ = {
			isa = PBXResourcesBuildPhase;
			buildActionMask = 2147483647;
			files = (
			);
			runOnlyForDeploymentPostprocessing = 0;
		};
/* End PBXResourcesBuildPhase section */

/* Begin PBXSourcesBuildPhase section */
		622B4C792F78B09600FDC4CA /* Sources */ = {
			isa = PBXSourcesBuildPhase;
			buildActionMask = 2147483647;
			files = (
			);
			runOnlyForDeploymentPostprocessing = 0;
		};
		62C951762F392ADB001F79DF /* Sources */ = {
			isa = PBXSourcesBuildPhase;
			buildActionMask = 2147483647;
			files = (
			);
			runOnlyForDeploymentPostprocessing = 0;
		};
		62C9521E2F393361001F79DF /* Sources */ = {
			isa = PBXSourcesBuildPhase;
			buildActionMask = 2147483647;
			files = (
			);
			runOnlyForDeploymentPostprocessing = 0;
		};
/* End PBXSourcesBuildPhase section */

/* Begin PBXTargetDependency section */
		622B4C8C2F78B09700FDC4CA /* PBXTargetDependency */ = {
			isa = PBXTargetDependency;
			target = 622B4C7C2F78B09600FDC4CA /* Voxboard WidgetExtension */;
			targetProxy = 622B4C8B2F78B09700FDC4CA /* PBXContainerItemProxy */;
		};
		62C952282F393361001F79DF /* PBXTargetDependency */ = {
			isa = PBXTargetDependency;
			target = 62C952212F393361001F79DF /* Voxboard Keyboard */;
			targetProxy = 62C952272F393361001F79DF /* PBXContainerItemProxy */;
		};
/* End PBXTargetDependency section */

/* Begin XCBuildConfiguration section */
		622B4C8E2F78B09700FDC4CA /* Debug */ = {
			isa = XCBuildConfiguration;
			buildSettings = {
				ASSETCATALOG_COMPILER_GLOBAL_ACCENT_COLOR_NAME = AccentColor;
				ASSETCATALOG_COMPILER_WIDGET_BACKGROUND_COLOR_NAME = WidgetBackground;
				CODE_SIGN_ENTITLEMENTS = "Voxboard WidgetExtension.entitlements";
				CODE_SIGN_STYLE = Automatic;
				CURRENT_PROJECT_VERSION = 6;
				DEVELOPMENT_TEAM = 67KC823C9A;
				GENERATE_INFOPLIST_FILE = YES;
				INFOPLIST_FILE = "Voxboard Widget/Info.plist";
				INFOPLIST_KEY_CFBundleDisplayName = "Voxboard Widget";
				INFOPLIST_KEY_NSHumanReadableCopyright = "";
				LD_RUNPATH_SEARCH_PATHS = (
					"$(inherited)",
					"@executable_path/Frameworks",
					"@executable_path/../../Frameworks",
				);
				MARKETING_VERSION = 1.2;
				PRODUCT_BUNDLE_IDENTIFIER = "bontecou.Voxboard.Voxboard-Widget";
				PRODUCT_NAME = "$(TARGET_NAME)";
				SKIP_INSTALL = YES;
				STRING_CATALOG_GENERATE_SYMBOLS = YES;
				SWIFT_APPROACHABLE_CONCURRENCY = YES;
				SWIFT_EMIT_LOC_STRINGS = YES;
				SWIFT_UPCOMING_FEATURE_MEMBER_IMPORT_VISIBILITY = YES;
				SWIFT_VERSION = 5.0;
				TARGETED_DEVICE_FAMILY = "1,2";
			};
			name = Debug;
		};
		622B4C8F2F78B09700FDC4CA /* Release */ = {
			isa = XCBuildConfiguration;
			buildSettings = {
				ASSETCATALOG_COMPILER_GLOBAL_ACCENT_COLOR_NAME = AccentColor;
				ASSETCATALOG_COMPILER_WIDGET_BACKGROUND_COLOR_NAME = WidgetBackground;
				CODE_SIGN_ENTITLEMENTS = "Voxboard WidgetExtension.entitlements";
				CODE_SIGN_STYLE = Automatic;
				CURRENT_PROJECT_VERSION = 6;
				DEVELOPMENT_TEAM = 67KC823C9A;
				GENERATE_INFOPLIST_FILE = YES;
				INFOPLIST_FILE = "Voxboard Widget/Info.plist";
				INFOPLIST_KEY_CFBundleDisplayName = "Voxboard Widget";
				INFOPLIST_KEY_NSHumanReadableCopyright = "";
				LD_RUNPATH_SEARCH_PATHS = (
					"$(inherited)",
					"@executable_path/Frameworks",
					"@executable_path/../../Frameworks",
				);
				MARKETING_VERSION = 1.2;
				PRODUCT_BUNDLE_IDENTIFIER = "bontecou.Voxboard.Voxboard-Widget";
				PRODUCT_NAME = "$(TARGET_NAME)";
				SKIP_INSTALL = YES;
				STRING_CATALOG_GENERATE_SYMBOLS = YES;
				SWIFT_APPROACHABLE_CONCURRENCY = YES;
				SWIFT_EMIT_LOC_STRINGS = YES;
				SWIFT_UPCOMING_FEATURE_MEMBER_IMPORT_VISIBILITY = YES;
				SWIFT_VERSION = 5.0;
				TARGETED_DEVICE_FAMILY = "1,2";
			};
			name = Release;
		};
		62C951832F392ADC001F79DF /* Debug */ = {
			isa = XCBuildConfiguration;
			buildSettings = {
				ALWAYS_SEARCH_USER_PATHS = NO;
				ASSETCATALOG_COMPILER_GENERATE_SWIFT_ASSET_SYMBOL_EXTENSIONS = YES;
				CLANG_ANALYZER_NONNULL = YES;
				CLANG_ANALYZER_NUMBER_OBJECT_CONVERSION = YES_AGGRESSIVE;
				CLANG_CXX_LANGUAGE_STANDARD = "gnu++20";
				CLANG_ENABLE_MODULES = YES;
				CLANG_ENABLE_OBJC_ARC = YES;
				CLANG_ENABLE_OBJC_WEAK = YES;
				CLANG_WARN_BLOCK_CAPTURE_AUTORELEASING = YES;
				CLANG_WARN_BOOL_CONVERSION = YES;
				CLANG_WARN_COMMA = YES;
				CLANG_WARN_CONSTANT_CONVERSION = YES;
				CLANG_WARN_DEPRECATED_OBJC_IMPLEMENTATIONS = YES;
				CLANG_WARN_DIRECT_OBJC_ISA_USAGE = YES_ERROR;
				CLANG_WARN_DOCUMENTATION_COMMENTS = YES;
				CLANG_WARN_EMPTY_BODY = YES;
				CLANG_WARN_ENUM_CONVERSION = YES;
				CLANG_WARN_INFINITE_RECURSION = YES;
				CLANG_WARN_INT_CONVERSION = YES;
				CLANG_WARN_NON_LITERAL_NULL_CONVERSION = YES;
				CLANG_WARN_OBJC_IMPLICIT_RETAIN_SELF = YES;
				CLANG_WARN_OBJC_LITERAL_CONVERSION = YES;
				CLANG_WARN_OBJC_ROOT_CLASS = YES_ERROR;
				CLANG_WARN_QUOTED_INCLUDE_IN_FRAMEWORK_HEADER = YES;
				CLANG_WARN_RANGE_LOOP_ANALYSIS = YES;
				CLANG_WARN_STRICT_PROTOTYPES = YES;
				CLANG_WARN_SUSPICIOUS_MOVE = YES;
				CLANG_WARN_UNGUARDED_AVAILABILITY = YES_AGGRESSIVE;
				CLANG_WARN_UNREACHABLE_CODE = YES;
				CLANG_WARN__DUPLICATE_METHOD_MATCH = YES;
				COPY_PHASE_STRIP = NO;
				DEBUG_INFORMATION_FORMAT = dwarf;
				DEVELOPMENT_TEAM = 67KC823C9A;
				ENABLE_STRICT_OBJC_MSGSEND = YES;
				ENABLE_TESTABILITY = YES;
				ENABLE_USER_SCRIPT_SANDBOXING = YES;
				GCC_C_LANGUAGE_STANDARD = gnu17;
				GCC_DYNAMIC_NO_PIC = NO;
				GCC_NO_COMMON_BLOCKS = YES;
				GCC_OPTIMIZATION_LEVEL = 0;
				GCC_PREPROCESSOR_DEFINITIONS = (
					"DEBUG=1",
					"$(inherited)",
				);
				GCC_WARN_64_TO_32_BIT_CONVERSION = YES;
				GCC_WARN_ABOUT_RETURN_TYPE = YES_ERROR;
				GCC_WARN_UNDECLARED_SELECTOR = YES;
				GCC_WARN_UNINITIALIZED_AUTOS = YES_AGGRESSIVE;
				GCC_WARN_UNUSED_FUNCTION = YES;
				GCC_WARN_UNUSED_VARIABLE = YES;
				IPHONEOS_DEPLOYMENT_TARGET = 26.2;
				LOCALIZATION_PREFERS_STRING_CATALOGS = YES;
				MTL_ENABLE_DEBUG_INFO = INCLUDE_SOURCE;
				MTL_FAST_MATH = YES;
				ONLY_ACTIVE_ARCH = YES;
				SDKROOT = iphoneos;
				SWIFT_ACTIVE_COMPILATION_CONDITIONS = "DEBUG $(inherited)";
				SWIFT_OPTIMIZATION_LEVEL = "-Onone";
			};
			name = Debug;
		};
		62C951842F392ADC001F79DF /* Release */ = {
			isa = XCBuildConfiguration;
			buildSettings = {
				ALWAYS_SEARCH_USER_PATHS = NO;
				ASSETCATALOG_COMPILER_GENERATE_SWIFT_ASSET_SYMBOL_EXTENSIONS = YES;
				CLANG_ANALYZER_NONNULL = YES;
				CLANG_ANALYZER_NUMBER_OBJECT_CONVERSION = YES_AGGRESSIVE;
				CLANG_CXX_LANGUAGE_STANDARD = "gnu++20";
				CLANG_ENABLE_MODULES = YES;
				CLANG_ENABLE_OBJC_ARC = YES;
				CLANG_ENABLE_OBJC_WEAK = YES;
				CLANG_WARN_BLOCK_CAPTURE_AUTORELEASING = YES;
				CLANG_WARN_BOOL_CONVERSION = YES;
				CLANG_WARN_COMMA = YES;
				CLANG_WARN_CONSTANT_CONVERSION = YES;
				CLANG_WARN_DEPRECATED_OBJC_IMPLEMENTATIONS = YES;
				CLANG_WARN_DIRECT_OBJC_ISA_USAGE = YES_ERROR;
				CLANG_WARN_DOCUMENTATION_COMMENTS = YES;
				CLANG_WARN_EMPTY_BODY = YES;
				CLANG_WARN_ENUM_CONVERSION = YES;
				CLANG_WARN_INFINITE_RECURSION = YES;
				CLANG_WARN_INT_CONVERSION = YES;
				CLANG_WARN_NON_LITERAL_NULL_CONVERSION = YES;
				CLANG_WARN_OBJC_IMPLICIT_RETAIN_SELF = YES;
				CLANG_WARN_OBJC_LITERAL_CONVERSION = YES;
				CLANG_WARN_OBJC_ROOT_CLASS = YES_ERROR;
				CLANG_WARN_QUOTED_INCLUDE_IN_FRAMEWORK_HEADER = YES;
				CLANG_WARN_RANGE_LOOP_ANALYSIS = YES;
				CLANG_WARN_STRICT_PROTOTYPES = YES;
				CLANG_WARN_SUSPICIOUS_MOVE = YES;
				CLANG_WARN_UNGUARDED_AVAILABILITY = YES_AGGRESSIVE;
				CLANG_WARN_UNREACHABLE_CODE = YES;
				CLANG_WARN__DUPLICATE_METHOD_MATCH = YES;
				COPY_PHASE_STRIP = NO;
				DEBUG_INFORMATION_FORMAT = "dwarf-with-dsym";
				DEVELOPMENT_TEAM = 67KC823C9A;
				ENABLE_NS_ASSERTIONS = NO;
				ENABLE_STRICT_OBJC_MSGSEND = YES;
				ENABLE_USER_SCRIPT_SANDBOXING = YES;
				GCC_C_LANGUAGE_STANDARD = gnu17;
				GCC_NO_COMMON_BLOCKS = YES;
				GCC_WARN_64_TO_32_BIT_CONVERSION = YES;
				GCC_WARN_ABOUT_RETURN_TYPE = YES_ERROR;
				GCC_WARN_UNDECLARED_SELECTOR = YES;
				GCC_WARN_UNINITIALIZED_AUTOS = YES_AGGRESSIVE;
				GCC_WARN_UNUSED_FUNCTION = YES;
				GCC_WARN_UNUSED_VARIABLE = YES;
				IPHONEOS_DEPLOYMENT_TARGET = 26.2;
				LOCALIZATION_PREFERS_STRING_CATALOGS = YES;
				MTL_ENABLE_DEBUG_INFO = NO;
				MTL_FAST_MATH = YES;
				SDKROOT = iphoneos;
				SWIFT_COMPILATION_MODE = wholemodule;
				VALIDATE_PRODUCT = YES;
			};
			name = Release;
		};
		62C951862F392ADC001F79DF /* Debug */ = {
			isa = XCBuildConfiguration;
			buildSettings = {
				ASSETCATALOG_COMPILER_APPICON_NAME = AppIcon;
				ASSETCATALOG_COMPILER_GLOBAL_ACCENT_COLOR_NAME = AccentColor;
				CODE_SIGN_ENTITLEMENTS = Voxboard/Voxboard.entitlements;
				CODE_SIGN_STYLE = Automatic;
				CURRENT_PROJECT_VERSION = 6;
				DEVELOPMENT_TEAM = 67KC823C9A;
				ENABLE_PREVIEWS = YES;
				GENERATE_INFOPLIST_FILE = YES;
				INFOPLIST_FILE = Voxboard/Info.plist;
				INFOPLIST_KEY_CFBundleDisplayName = Voxboard;
				INFOPLIST_KEY_UIApplicationSceneManifest_Generation = YES;
				INFOPLIST_KEY_UIApplicationSupportsIndirectInputEvents = YES;
				INFOPLIST_KEY_UILaunchScreen_Generation = YES;
				INFOPLIST_KEY_UISupportedInterfaceOrientations_iPad = "UIInterfaceOrientationPortrait UIInterfaceOrientationPortraitUpsideDown UIInterfaceOrientationLandscapeLeft UIInterfaceOrientationLandscapeRight";
				INFOPLIST_KEY_UISupportedInterfaceOrientations_iPhone = "UIInterfaceOrientationPortrait UIInterfaceOrientationLandscapeLeft UIInterfaceOrientationLandscapeRight";
				IPHONEOS_DEPLOYMENT_TARGET = 17.6;
				LD_RUNPATH_SEARCH_PATHS = (
					"$(inherited)",
					"@executable_path/Frameworks",
				);
				MARKETING_VERSION = 1.2;
				PRODUCT_BUNDLE_IDENTIFIER = bontecou.Voxboard;
				PRODUCT_NAME = "$(TARGET_NAME)";
				STRING_CATALOG_GENERATE_SYMBOLS = YES;
				SWIFT_APPROACHABLE_CONCURRENCY = YES;
				SWIFT_DEFAULT_ACTOR_ISOLATION = MainActor;
				SWIFT_EMIT_LOC_STRINGS = YES;
				SWIFT_UPCOMING_FEATURE_MEMBER_IMPORT_VISIBILITY = YES;
				SWIFT_VERSION = 5.0;
				TARGETED_DEVICE_FAMILY = "1,2";
			};
			name = Debug;
		};
		62C951872F392ADC001F79DF /* Release */ = {
			isa = XCBuildConfiguration;
			buildSettings = {
				ASSETCATALOG_COMPILER_APPICON_NAME = AppIcon;
				ASSETCATALOG_COMPILER_GLOBAL_ACCENT_COLOR_NAME = AccentColor;
				CODE_SIGN_ENTITLEMENTS = Voxboard/Voxboard.entitlements;
				CODE_SIGN_STYLE = Automatic;
				CURRENT_PROJECT_VERSION = 6;
				DEVELOPMENT_TEAM = 67KC823C9A;
				ENABLE_PREVIEWS = YES;
				GENERATE_INFOPLIST_FILE = YES;
				INFOPLIST_FILE = Voxboard/Info.plist;
				INFOPLIST_KEY_CFBundleDisplayName = Voxboard;
				INFOPLIST_KEY_UIApplicationSceneManifest_Generation = YES;
				INFOPLIST_KEY_UIApplicationSupportsIndirectInputEvents = YES;
				INFOPLIST_KEY_UILaunchScreen_Generation = YES;
				INFOPLIST_KEY_UISupportedInterfaceOrientations_iPad = "UIInterfaceOrientationPortrait UIInterfaceOrientationPortraitUpsideDown UIInterfaceOrientationLandscapeLeft UIInterfaceOrientationLandscapeRight";
				INFOPLIST_KEY_UISupportedInterfaceOrientations_iPhone = "UIInterfaceOrientationPortrait UIInterfaceOrientationLandscapeLeft UIInterfaceOrientationLandscapeRight";
				IPHONEOS_DEPLOYMENT_TARGET = 17.6;
				LD_RUNPATH_SEARCH_PATHS = (
					"$(inherited)",
					"@executable_path/Frameworks",
				);
				MARKETING_VERSION = 1.2;
				PRODUCT_BUNDLE_IDENTIFIER = bontecou.Voxboard;
				PRODUCT_NAME = "$(TARGET_NAME)";
				STRING_CATALOG_GENERATE_SYMBOLS = YES;
				SWIFT_APPROACHABLE_CONCURRENCY = YES;
				SWIFT_DEFAULT_ACTOR_ISOLATION = MainActor;
				SWIFT_EMIT_LOC_STRINGS = YES;
				SWIFT_UPCOMING_FEATURE_MEMBER_IMPORT_VISIBILITY = YES;
				SWIFT_VERSION = 5.0;
				TARGETED_DEVICE_FAMILY = "1,2";
			};
			name = Release;
		};
		62C9522C2F393361001F79DF /* Debug */ = {
			isa = XCBuildConfiguration;
			buildSettings = {
				CODE_SIGN_ENTITLEMENTS = "Voxboard Keyboard/VoxboardKeyboard.entitlements";
				CODE_SIGN_STYLE = Automatic;
				CURRENT_PROJECT_VERSION = 6;
				DEVELOPMENT_TEAM = 67KC823C9A;
				GENERATE_INFOPLIST_FILE = YES;
				INFOPLIST_FILE = "Voxboard Keyboard/Info.plist";
				INFOPLIST_KEY_CFBundleDisplayName = Voxboard;
				INFOPLIST_KEY_NSHumanReadableCopyright = "";
				IPHONEOS_DEPLOYMENT_TARGET = 17.6;
				LD_RUNPATH_SEARCH_PATHS = (
					"$(inherited)",
					"@executable_path/Frameworks",
					"@executable_path/../../Frameworks",
				);
				MARKETING_VERSION = 1.2;
				PRODUCT_BUNDLE_IDENTIFIER = "bontecou.Voxboard.Voxboard-Keyboard";
				PRODUCT_NAME = "$(TARGET_NAME)";
				SKIP_INSTALL = YES;
				STRING_CATALOG_GENERATE_SYMBOLS = YES;
				SWIFT_APPROACHABLE_CONCURRENCY = YES;
				SWIFT_EMIT_LOC_STRINGS = YES;
				SWIFT_UPCOMING_FEATURE_MEMBER_IMPORT_VISIBILITY = YES;
				SWIFT_VERSION = 5.0;
				TARGETED_DEVICE_FAMILY = "1,2";
			};
			name = Debug;
		};
		62C9522D2F393361001F79DF /* Release */ = {
			isa = XCBuildConfiguration;
			buildSettings = {
				CODE_SIGN_ENTITLEMENTS = "Voxboard Keyboard/VoxboardKeyboard.entitlements";
				CODE_SIGN_STYLE = Automatic;
				CURRENT_PROJECT_VERSION = 6;
				DEVELOPMENT_TEAM = 67KC823C9A;
				GENERATE_INFOPLIST_FILE = YES;
				INFOPLIST_FILE = "Voxboard Keyboard/Info.plist";
				INFOPLIST_KEY_CFBundleDisplayName = Voxboard;
				INFOPLIST_KEY_NSHumanReadableCopyright = "";
				IPHONEOS_DEPLOYMENT_TARGET = 17.6;
				LD_RUNPATH_SEARCH_PATHS = (
					"$(inherited)",
					"@executable_path/Frameworks",
					"@executable_path/../../Frameworks",
				);
				MARKETING_VERSION = 1.2;
				PRODUCT_BUNDLE_IDENTIFIER = "bontecou.Voxboard.Voxboard-Keyboard";
				PRODUCT_NAME = "$(TARGET_NAME)";
				SKIP_INSTALL = YES;
				STRING_CATALOG_GENERATE_SYMBOLS = YES;
				SWIFT_APPROACHABLE_CONCURRENCY = YES;
				SWIFT_EMIT_LOC_STRINGS = YES;
				SWIFT_UPCOMING_FEATURE_MEMBER_IMPORT_VISIBILITY = YES;
				SWIFT_VERSION = 5.0;
				TARGETED_DEVICE_FAMILY = "1,2";
			};
			name = Release;
		};
/* End XCBuildConfiguration section */

/* Begin XCConfigurationList section */
		622B4C902F78B09700FDC4CA /* Build configuration list for PBXNativeTarget "Voxboard WidgetExtension" */ = {
			isa = XCConfigurationList;
			buildConfigurations = (
				622B4C8E2F78B09700FDC4CA /* Debug */,
				622B4C8F2F78B09700FDC4CA /* Release */,
			);
			defaultConfigurationIsVisible = 0;
			defaultConfigurationName = Release;
		};
		62C951752F392ADB001F79DF /* Build configuration list for PBXProject "Voxboard" */ = {
			isa = XCConfigurationList;
			buildConfigurations = (
				62C951832F392ADC001F79DF /* Debug */,
				62C951842F392ADC001F79DF /* Release */,
			);
			defaultConfigurationIsVisible = 0;
			defaultConfigurationName = Release;
		};
		62C951852F392ADC001F79DF /* Build configuration list for PBXNativeTarget "Voxboard" */ = {
			isa = XCConfigurationList;
			buildConfigurations = (
				62C951862F392ADC001F79DF /* Debug */,
				62C951872F392ADC001F79DF /* Release */,
			);
			defaultConfigurationIsVisible = 0;
			defaultConfigurationName = Release;
		};
		62C9522B2F393361001F79DF /* Build configuration list for PBXNativeTarget "Voxboard Keyboard" */ = {
			isa = XCConfigurationList;
			buildConfigurations = (
				62C9522C2F393361001F79DF /* Debug */,
				62C9522D2F393361001F79DF /* Release */,
			);
			defaultConfigurationIsVisible = 0;
			defaultConfigurationName = Release;
		};
/* End XCConfigurationList section */

/* Begin XCLocalSwiftPackageReference section */
		AA0000012F394000AABBCC01 /* XCLocalSwiftPackageReference "Packages/VoxboardShared" */ = {
			isa = XCLocalSwiftPackageReference;
			relativePath = Packages/VoxboardShared;
		};
/* End XCLocalSwiftPackageReference section */

/* Begin XCRemoteSwiftPackageReference section */
		62C952832F393BB1001F79DF /* XCRemoteSwiftPackageReference "KeyboardKit" */ = {
			isa = XCRemoteSwiftPackageReference;
			repositoryURL = "https://github.com/KeyboardKit/KeyboardKit.git";
			requirement = {
				kind = upToNextMajorVersion;
				minimumVersion = 10.2.2;
			};
		};
/* End XCRemoteSwiftPackageReference section */

/* Begin XCSwiftPackageProductDependency section */
		62C952842F393BB1001F79DF /* KeyboardKit */ = {
			isa = XCSwiftPackageProductDependency;
			package = 62C952832F393BB1001F79DF /* XCRemoteSwiftPackageReference "KeyboardKit" */;
			productName = KeyboardKit;
		};
		AA0000022F394000AABBCC02 /* VoxboardShared */ = {
			isa = XCSwiftPackageProductDependency;
			productName = VoxboardShared;
		};
		AA0000032F394000AABBCC03 /* VoxboardShared */ = {
			isa = XCSwiftPackageProductDependency;
			productName = VoxboardShared;
		};
/* End XCSwiftPackageProductDependency section */
	};
	rootObject = 62C951722F392ADB001F79DF /* Project object */;
}
